
Microsoft Visual Studio Solution File, Format Version 12.00
# Visual Studio Version 16
VisualStudioVersion = 16.0.32407.337
MinimumVisualStudioVersion = 10.0.40219.1
Project("{9A19103F-16F7-4668-BE54-9A1E7A4F7556}") = "HW-09.Task1", "HW-09.Task1\HW-09.Task1\HW-09.Task1.csproj", "{3757B23B-A9C0-435F-AD06-41820ADECA45}"
EndProject
Project("{9A19103F-16F7-4668-BE54-9A1E7A4F7556}") = "HW09.Task2", "HW09.Task2\HW09.Task2\HW09.Task2.csproj", "{151D48DF-02E5-4725-9670-51D896093E1A}"
EndProject
Global
	GlobalSection(SolutionConfigurationPlatforms) = preSolution
		Debug|Any CPU = Debug|Any CPU
		Release|Any CPU = Release|Any CPU
	EndGlobalSection
	GlobalSection(ProjectConfigurationPlatforms) = postSolution
		{3757B23B-A9C0-435F-AD06-41820ADECA45}.Debug|Any CPU.ActiveCfg = Debug|Any CPU
		{3757B23B-A9C0-435F-AD06-41820ADECA45}.Debug|Any CPU.Build.0 = Debug|Any CPU
		{3757B23B-A9C0-435F-AD06-41820ADECA45}.Release|Any CPU.ActiveCfg = Release|Any CPU
		{3757B23B-A9C0-435F-AD06-41820ADECA45}.Release|Any CPU.Build.0 = Release|Any CPU
		{151D48DF-02E5-4725-9670-51D896093E1A}.Debug|Any CPU.ActiveCfg = Debug|Any CPU
		{151D48DF-02E5-4725-9670-51D896093E1A}.Debug|Any CPU.Build.0 = Debug|Any CPU
		{151D48DF-02E5-4725-9670-51D896093E1A}.Release|Any CPU.ActiveCfg = Release|Any CPU
		{151D48DF-02E5-4725-9670-51D896093E1A}.Release|Any CPU.Build.0 = Release|Any CPU
	EndGlobalSection
	GlobalSection(SolutionProperties) = preSolution
		HideSolutionNode = FALSE
	EndGlobalSection
	GlobalSection(ExtensibilityGlobals) = postSolution
		SolutionGuid = {4FBFAF3D-3733-42E2-AD77-1ECCB7977325}
	EndGlobalSection
EndGlobal
